
Microsoft Visual Studio Solution File, Format Version 12.00
# Visual Studio Version 17
VisualStudioVersion = 17.12.35527.113 d17.12
MinimumVisualStudioVersion = 10.0.40219.1
Project("{FAE04EC0-301F-11D3-BF4B-00C04F79EFBC}") = "TestTask.Android", "TestTask\TestTask.Android\TestTask.Android.csproj", "{0DF92B5F-A3FC-4AD8-A965-DE45C50C1475}"
EndProject
Project("{FAE04EC0-301F-11D3-BF4B-00C04F79EFBC}") = "TestTask", "TestTask\TestTask\TestTask.csproj", "{3AD9EBC1-B318-4CFE-A708-46BC04534760}"
EndProject
Global
	GlobalSection(SolutionConfigurationPlatforms) = preSolution
		Debug|Any CPU = Debug|Any CPU
		Release|Any CPU = Release|Any CPU
	EndGlobalSection
	GlobalSection(ProjectConfigurationPlatforms) = postSolution
		{0DF92B5F-A3FC-4AD8-A965-DE45C50C1475}.Debug|Any CPU.ActiveCfg = Debug|Any CPU
		{0DF92B5F-A3FC-4AD8-A965-DE45C50C1475}.Debug|Any CPU.Build.0 = Debug|Any CPU
		{0DF92B5F-A3FC-4AD8-A965-DE45C50C1475}.Debug|Any CPU.Deploy.0 = Debug|Any CPU
		{0DF92B5F-A3FC-4AD8-A965-DE45C50C1475}.Release|Any CPU.ActiveCfg = Release|Any CPU
		{0DF92B5F-A3FC-4AD8-A965-DE45C50C1475}.Release|Any CPU.Build.0 = Release|Any CPU
		{0DF92B5F-A3FC-4AD8-A965-DE45C50C1475}.Release|Any CPU.Deploy.0 = Release|Any CPU
		{3AD9EBC1-B318-4CFE-A708-46BC04534760}.Debug|Any CPU.ActiveCfg = Debug|Any CPU
		{3AD9EBC1-B318-4CFE-A708-46BC04534760}.Debug|Any CPU.Build.0 = Debug|Any CPU
		{3AD9EBC1-B318-4CFE-A708-46BC04534760}.Debug|Any CPU.Deploy.0 = Debug|Any CPU
		{3AD9EBC1-B318-4CFE-A708-46BC04534760}.Release|Any CPU.ActiveCfg = Release|Any CPU
		{3AD9EBC1-B318-4CFE-A708-46BC04534760}.Release|Any CPU.Build.0 = Release|Any CPU
		{3AD9EBC1-B318-4CFE-A708-46BC04534760}.Release|Any CPU.Deploy.0 = Release|Any CPU
	EndGlobalSection
	GlobalSection(SolutionProperties) = preSolution
		HideSolutionNode = FALSE
	EndGlobalSection
EndGlobal
